
Microsoft Visual Studio Solution File, Format Version 12.00
# Visual Studio Version 17
VisualStudioVersion = 17.4.33213.308
MinimumVisualStudioVersion = 10.0.40219.1
Project("{FAE04EC0-301F-11D3-BF4B-00C04F79EFBC}") = "SanaFirstProject", "SanaFirstProject\SanaFirstProject.csproj", "{80854568-1DBC-4832-B716-D8295C148BC9}"
EndProject
Global
	GlobalSection(SolutionConfigurationPlatforms) = preSolution
		Debug|Any CPU = Debug|Any CPU
		Release|Any CPU = Release|Any CPU
	EndGlobalSection
	GlobalSection(ProjectConfigurationPlatforms) = postSolution
		{80854568-1DBC-4832-B716-D8295C148BC9}.Debug|Any CPU.ActiveCfg = Debug|Any CPU
		{80854568-1DBC-4832-B716-D8295C148BC9}.Debug|Any CPU.Build.0 = Debug|Any CPU
		{80854568-1DBC-4832-B716-D8295C148BC9}.Release|Any CPU.ActiveCfg = Release|Any CPU
		{80854568-1DBC-4832-B716-D8295C148BC9}.Release|Any CPU.Build.0 = Release|Any CPU
	EndGlobalSection
	GlobalSection(SolutionProperties) = preSolution
		HideSolutionNode = FALSE
	EndGlobalSection
	GlobalSection(ExtensibilityGlobals) = postSolution
		SolutionGuid = {ABCB8333-448C-4774-A290-07E23A63A3BB}
	EndGlobalSection
EndGlobal
